
Microsoft Visual Studio Solution File, Format Version 12.00
# Visual Studio Version 17
VisualStudioVersion = 17.0.31919.166
MinimumVisualStudioVersion = 10.0.40219.1
Project("{FAE04EC0-301F-11D3-BF4B-00C04F79EFBC}") = "QuanLyBanHang", "QuanLyBanHang\QuanLyBanHang.csproj", "{DE21B992-A14A-4C1C-94A4-9D93F29185F8}"
EndProject
Global
	GlobalSection(SolutionConfigurationPlatforms) = preSolution
		Debug|Any CPU = Debug|Any CPU
		Release|Any CPU = Release|Any CPU
	EndGlobalSection
	GlobalSection(ProjectConfigurationPlatforms) = postSolution
		{DE21B992-A14A-4C1C-94A4-9D93F29185F8}.Debug|Any CPU.ActiveCfg = Debug|Any CPU
		{DE21B992-A14A-4C1C-94A4-9D93F29185F8}.Debug|Any CPU.Build.0 = Debug|Any CPU
		{DE21B992-A14A-4C1C-94A4-9D93F29185F8}.Release|Any CPU.ActiveCfg = Release|Any CPU
		{DE21B992-A14A-4C1C-94A4-9D93F29185F8}.Release|Any CPU.Build.0 = Release|Any CPU
	EndGlobalSection
	GlobalSection(SolutionProperties) = preSolution
		HideSolutionNode = FALSE
	EndGlobalSection
	GlobalSection(ExtensibilityGlobals) = postSolution
		SolutionGuid = {6C8D4285-F0B4-4EF2-8171-5563B12417D4}
	EndGlobalSection
EndGlobal
